
Microsoft Visual Studio Solution File, Format Version 12.00
# Visual Studio Version 16
VisualStudioVersion = 16.0.29709.97
MinimumVisualStudioVersion = 10.0.40219.1
Project("{FAE04EC0-301F-11D3-BF4B-00C04F79EFBC}") = "MVCTest_ReceiveDataByGET", "MVCTest_ReceiveDataByGET.csproj", "{2CEBCBC6-21A0-467D-B107-0655409C21C3}"
EndProject
Global
	GlobalSection(SolutionConfigurationPlatforms) = preSolution
		Debug|Any CPU = Debug|Any CPU
		Release|Any CPU = Release|Any CPU
	EndGlobalSection
	GlobalSection(ProjectConfigurationPlatforms) = postSolution
		{2CEBCBC6-21A0-467D-B107-0655409C21C3}.Debug|Any CPU.ActiveCfg = Debug|Any CPU
		{2CEBCBC6-21A0-467D-B107-0655409C21C3}.Debug|Any CPU.Build.0 = Debug|Any CPU
		{2CEBCBC6-21A0-467D-B107-0655409C21C3}.Release|Any CPU.ActiveCfg = Release|Any CPU
		{2CEBCBC6-21A0-467D-B107-0655409C21C3}.Release|Any CPU.Build.0 = Release|Any CPU
	EndGlobalSection
	GlobalSection(SolutionProperties) = preSolution
		HideSolutionNode = FALSE
	EndGlobalSection
	GlobalSection(ExtensibilityGlobals) = postSolution
		SolutionGuid = {D225F059-FB76-4A44-9F77-768CB31DAC17}
	EndGlobalSection
EndGlobal
