
Microsoft Visual Studio Solution File, Format Version 12.00
# Visual Studio Version 16
VisualStudioVersion = 16.0.29709.97
MinimumVisualStudioVersion = 10.0.40219.1
Project("{FAE04EC0-301F-11D3-BF4B-00C04F79EFBC}") = "pageDirectPratice", "pageDirectPratice.csproj", "{20B1EC95-87C1-4571-A02B-B474E837E327}"
EndProject
Global
	GlobalSection(SolutionConfigurationPlatforms) = preSolution
		Debug|Any CPU = Debug|Any CPU
		Release|Any CPU = Release|Any CPU
	EndGlobalSection
	GlobalSection(ProjectConfigurationPlatforms) = postSolution
		{20B1EC95-87C1-4571-A02B-B474E837E327}.Debug|Any CPU.ActiveCfg = Debug|Any CPU
		{20B1EC95-87C1-4571-A02B-B474E837E327}.Debug|Any CPU.Build.0 = Debug|Any CPU
		{20B1EC95-87C1-4571-A02B-B474E837E327}.Release|Any CPU.ActiveCfg = Release|Any CPU
		{20B1EC95-87C1-4571-A02B-B474E837E327}.Release|Any CPU.Build.0 = Release|Any CPU
	EndGlobalSection
	GlobalSection(SolutionProperties) = preSolution
		HideSolutionNode = FALSE
	EndGlobalSection
	GlobalSection(ExtensibilityGlobals) = postSolution
		SolutionGuid = {64A64099-06CA-4133-802D-16744FBBA66F}
	EndGlobalSection
EndGlobal
